// !$*UTF8*$!
{
	archiveVersion = 1;
	classes = {
	};
	objectVersion = 50;
	objects = {

/* Begin PBXBuildFile section */
		B493B1732294E98D00572963 /* AppDelegate.swift in Sources */ = {isa = PBXBuildFile; fileRef = B493B1722294E98D00572963 /* AppDelegate.swift */; };
		B493B1752294E98D00572963 /* ViewController.swift in Sources */ = {isa = PBXBuildFile; fileRef = B493B1742294E98D00572963 /* ViewController.swift */; };
		B493B1782294E98D00572963 /* Main.storyboard in Resources */ = {isa = PBXBuildFile; fileRef = B493B1762294E98D00572963 /* Main.storyboard */; };
		B493B17A2294E98E00572963 /* Assets.xcassets in Resources */ = {isa = PBXBuildFile; fileRef = B493B1792294E98E00572963 /* Assets.xcassets */; };
		B493B17D2294E98E00572963 /* LaunchScreen.storyboard in Resources */ = {isa = PBXBuildFile; fileRef = B493B17B2294E98E00572963 /* LaunchScreen.storyboard */; };
		B493B1882294E98E00572963 /* UICollectionViewTests.swift in Sources */ = {isa = PBXBuildFile; fileRef = B493B1872294E98E00572963 /* UICollectionViewTests.swift */; };
		B493B1932294E98E00572963 /* UICollectionViewUITests.swift in Sources */ = {isa = PBXBuildFile; fileRef = B493B1922294E98E00572963 /* UICollectionViewUITests.swift */; };
		B493B1A32294ED4D00572963 /* ModelImage.swift in Sources */ = {isa = PBXBuildFile; fileRef = B493B1A22294ED4D00572963 /* ModelImage.swift */; };
		B493B1A72294F49400572963 /* collectionViewCell.swift in Sources */ = {isa = PBXBuildFile; fileRef = B493B1A62294F49400572963 /* collectionViewCell.swift */; };
		B493B1A92294FA1500572963 /* AddingViewController.swift in Sources */ = {isa = PBXBuildFile; fileRef = B493B1A82294FA1500572963 /* AddingViewController.swift */; };
/* End PBXBuildFile section */

/* Begin PBXContainerItemProxy section */
		B493B1842294E98E00572963 /* PBXContainerItemProxy */ = {
			isa = PBXContainerItemProxy;
			containerPortal = B493B1672294E98D00572963 /* Project object */;
			proxyType = 1;
			remoteGlobalIDString = B493B16E2294E98D00572963;
			remoteInfo = UICollectionView;
		};
		B493B18F2294E98E00572963 /* PBXContainerItemProxy */ = {
			isa = PBXContainerItemProxy;
			containerPortal = B493B1672294E98D00572963 /* Project object */;
			proxyType = 1;
			remoteGlobalIDString = B493B16E2294E98D00572963;
			remoteInfo = UICollectionView;
		};
/* End PBXContainerItemProxy section */

/* Begin PBXFileReference section */
		B493B16F2294E98D00572963 /* UICollectionView.app */ = {isa = PBXFileReference; explicitFileType = wrapper.application; includeInIndex = 0; path = UICollectionView.app; sourceTree = BUILT_PRODUCTS_DIR; };
		B493B1722294E98D00572963 /* AppDelegate.swift */ = {isa = PBXFileReference; lastKnownFileType = sourcecode.swift; path = AppDelegate.swift; sourceTree = "<group>"; };
		B493B1742294E98D00572963 /* ViewController.swift */ = {isa = PBXFileReference; lastKnownFileType = sourcecode.swift; path = ViewController.swift; sourceTree = "<group>"; };
		B493B1772294E98D00572963 /* Base */ = {isa = PBXFileReference; lastKnownFileType = file.storyboard; name = Base; path = Base.lproj/Main.storyboard; sourceTree = "<group>"; };
		B493B1792294E98E00572963 /* Assets.xcassets */ = {isa = PBXFileReference; lastKnownFileType = folder.assetcatalog; path = Assets.xcassets; sourceTree = "<group>"; };
		B493B17C2294E98E00572963 /* Base */ = {isa = PBXFileReference; lastKnownFileType = file.storyboard; name = Base; path = Base.lproj/LaunchScreen.storyboard; sourceTree = "<group>"; };
		B493B17E2294E98E00572963 /* Info.plist */ = {isa = PBXFileReference; lastKnownFileType = text.plist.xml; path = Info.plist; sourceTree = "<group>"; };
		B493B1832294E98E00572963 /* UICollectionViewTests.xctest */ = {isa = PBXFileReference; explicitFileType = wrapper.cfbundle; includeInIndex = 0; path = UICollectionViewTests.xctest; sourceTree = BUILT_PRODUCTS_DIR; };
		B493B1872294E98E00572963 /* UICollectionViewTests.swift */ = {isa = PBXFileReference; lastKnownFileType = sourcecode.swift; path = UICollectionViewTests.swift; sourceTree = "<group>"; };
		B493B1892294E98E00572963 /* Info.plist */ = {isa = PBXFileReference; lastKnownFileType = text.plist.xml; path = Info.plist; sourceTree = "<group>"; };
		B493B18E2294E98E00572963 /* UICollectionViewUITests.xctest */ = {isa = PBXFileReference; explicitFileType = wrapper.cfbundle; includeInIndex = 0; path = UICollectionViewUITests.xctest; sourceTree = BUILT_PRODUCTS_DIR; };
		B493B1922294E98E00572963 /* UICollectionViewUITests.swift */ = {isa = PBXFileReference; lastKnownFileType = sourcecode.swift; path = UICollectionViewUITests.swift; sourceTree = "<group>"; };
		B493B1942294E98E00572963 /* Info.plist */ = {isa = PBXFileReference; lastKnownFileType = text.plist.xml; path = Info.plist; sourceTree = "<group>"; };
		B493B1A22294ED4D00572963 /* ModelImage.swift */ = {isa = PBXFileReference; lastKnownFileType = sourcecode.swift; path = ModelImage.swift; sourceTree = "<group>"; };
		B493B1A62294F49400572963 /* collectionViewCell.swift */ = {isa = PBXFileReference; lastKnownFileType = sourcecode.swift; path = collectionViewCell.swift; sourceTree = "<group>"; };
		B493B1A82294FA1500572963 /* AddingViewController.swift */ = {isa = PBXFileReference; lastKnownFileType = sourcecode.swift; path = AddingViewController.swift; sourceTree = "<group>"; };
/* End PBXFileReference section */

/* Begin PBXFrameworksBuildPhase section */
		B493B16C2294E98D00572963 /* Frameworks */ = {
			isa = PBXFrameworksBuildPhase;
			buildActionMask = 2147483647;
			files = (
			);
			runOnlyForDeploymentPostprocessing = 0;
		};
		B493B1802294E98E00572963 /* Frameworks */ = {
			isa = PBXFrameworksBuildPhase;
			buildActionMask = 2147483647;
			files = (
			);
			runOnlyForDeploymentPostprocessing = 0;
		};
		B493B18B2294E98E00572963 /* Frameworks */ = {
			isa = PBXFrameworksBuildPhase;
			buildActionMask = 2147483647;
			files = (
			);
			runOnlyForDeploymentPostprocessing = 0;
		};
/* End PBXFrameworksBuildPhase section */

/* Begin PBXGroup section */
		B493B1662294E98D00572963 = {
			isa = PBXGroup;
			children = (
				B493B1712294E98D00572963 /* UICollectionView */,
				B493B1862294E98E00572963 /* UICollectionViewTests */,
				B493B1912294E98E00572963 /* UICollectionViewUITests */,
				B493B1702294E98D00572963 /* Products */,
			);
			sourceTree = "<group>";
		};
		B493B1702294E98D00572963 /* Products */ = {
			isa = PBXGroup;
			children = (
				B493B16F2294E98D00572963 /* UICollectionView.app */,
				B493B1832294E98E00572963 /* UICollectionViewTests.xctest */,
				B493B18E2294E98E00572963 /* UICollectionViewUITests.xctest */,
			);
			name = Products;
			sourceTree = "<group>";
		};
		B493B1712294E98D00572963 /* UICollectionView */ = {
			isa = PBXGroup;
			children = (
				B493B1722294E98D00572963 /* AppDelegate.swift */,
				B493B1742294E98D00572963 /* ViewController.swift */,
				B493B1762294E98D00572963 /* Main.storyboard */,
				B493B1792294E98E00572963 /* Assets.xcassets */,
				B493B17B2294E98E00572963 /* LaunchScreen.storyboard */,
				B493B17E2294E98E00572963 /* Info.plist */,
				B493B1A22294ED4D00572963 /* ModelImage.swift */,
				B493B1A62294F49400572963 /* collectionViewCell.swift */,
				B493B1A82294FA1500572963 /* AddingViewController.swift */,
			);
			path = UICollectionView;
			sourceTree = "<group>";
		};
		B493B1862294E98E00572963 /* UICollectionViewTests */ = {
			isa = PBXGroup;
			children = (
				B493B1872294E98E00572963 /* UICollectionViewTests.swift */,
				B493B1892294E98E00572963 /* Info.plist */,
			);
			path = UICollectionViewTests;
			sourceTree = "<group>";
		};
		B493B1912294E98E00572963 /* UICollectionViewUITests */ = {
			isa = PBXGroup;
			children = (
				B493B1922294E98E00572963 /* UICollectionViewUITests.swift */,
				B493B1942294E98E00572963 /* Info.plist */,
			);
			path = UICollectionViewUITests;
			sourceTree = "<group>";
		};
/* End PBXGroup section */

/* Begin PBXNativeTarget section */
		B493B16E2294E98D00572963 /* UICollectionView */ = {
			isa = PBXNativeTarget;
			buildConfigurationList = B493B1972294E98E00572963 /* Build configuration list for PBXNativeTarget "UICollectionView" */;
			buildPhases = (
				B493B16B2294E98D00572963 /* Sources */,
				B493B16C2294E98D00572963 /* Frameworks */,
				B493B16D2294E98D00572963 /* Resources */,
			);
			buildRules = (
			);
			dependencies = (
			);
			name = UICollectionView;
			productName = UICollectionView;
			productReference = B493B16F2294E98D00572963 /* UICollectionView.app */;
			productType = "com.apple.product-type.application";
		};
		B493B1822294E98E00572963 /* UICollectionViewTests */ = {
			isa = PBXNativeTarget;
			buildConfigurationList = B493B19A2294E98E00572963 /* Build configuration list for PBXNativeTarget "UICollectionViewTests" */;
			buildPhases = (
				B493B17F2294E98E00572963 /* Sources */,
				B493B1802294E98E00572963 /* Frameworks */,
				B493B1812294E98E00572963 /* Resources */,
			);
			buildRules = (
			);
			dependencies = (
				B493B1852294E98E00572963 /* PBXTargetDependency */,
			);
			name = UICollectionViewTests;
			productName = UICollectionViewTests;
			productReference = B493B1832294E98E00572963 /* UICollectionViewTests.xctest */;
			productType = "com.apple.product-type.bundle.unit-test";
		};
		B493B18D2294E98E00572963 /* UICollectionViewUITests */ = {
			isa = PBXNativeTarget;
			buildConfigurationList = B493B19D2294E98E00572963 /* Build configuration list for PBXNativeTarget "UICollectionViewUITests" */;
			buildPhases = (
				B493B18A2294E98E00572963 /* Sources */,
				B493B18B2294E98E00572963 /* Frameworks */,
				B493B18C2294E98E00572963 /* Resources */,
			);
			buildRules = (
			);
			dependencies = (
				B493B1902294E98E00572963 /* PBXTargetDependency */,
			);
			name = UICollectionViewUITests;
			productName = UICollectionViewUITests;
			productReference = B493B18E2294E98E00572963 /* UICollectionViewUITests.xctest */;
			productType = "com.apple.product-type.bundle.ui-testing";
		};
/* End PBXNativeTarget section */

/* Begin PBXProject section */
		B493B1672294E98D00572963 /* Project object */ = {
			isa = PBXProject;
			attributes = {
				LastSwiftUpdateCheck = 1010;
				LastUpgradeCheck = 1010;
				ORGANIZATIONNAME = "Nguyen Hoang Huy";
				TargetAttributes = {
					B493B16E2294E98D00572963 = {
						CreatedOnToolsVersion = 10.1;
					};
					B493B1822294E98E00572963 = {
						CreatedOnToolsVersion = 10.1;
						TestTargetID = B493B16E2294E98D00572963;
					};
					B493B18D2294E98E00572963 = {
						CreatedOnToolsVersion = 10.1;
						TestTargetID = B493B16E2294E98D00572963;
					};
				};
			};
			buildConfigurationList = B493B16A2294E98D00572963 /* Build configuration list for PBXProject "UICollectionView" */;
			compatibilityVersion = "Xcode 9.3";
			developmentRegion = en;
			hasScannedForEncodings = 0;
			knownRegions = (
				en,
				Base,
			);
			mainGroup = B493B1662294E98D00572963;
			productRefGroup = B493B1702294E98D00572963 /* Products */;
			projectDirPath = "";
			projectRoot = "";
			targets = (
				B493B16E2294E98D00572963 /* UICollectionView */,
				B493B1822294E98E00572963 /* UICollectionViewTests */,
				B493B18D2294E98E00572963 /* UICollectionViewUITests */,
			);
		};
/* End PBXProject section */

/* Begin PBXResourcesBuildPhase section */
		B493B16D2294E98D00572963 /* Resources */ = {
			isa = PBXResourcesBuildPhase;
			buildActionMask = 2147483647;
			files = (
				B493B17D2294E98E00572963 /* LaunchScreen.storyboard in Resources */,
				B493B17A2294E98E00572963 /* Assets.xcassets in Resources */,
				B493B1782294E98D00572963 /* Main.storyboard in Resources */,
			);
			runOnlyForDeploymentPostprocessing = 0;
		};
		B493B1812294E98E00572963 /* Resources */ = {
			isa = PBXResourcesBuildPhase;
			buildActionMask = 2147483647;
			files = (
			);
			runOnlyForDeploymentPostprocessing = 0;
		};
		B493B18C2294E98E00572963 /* Resources */ = {
			isa = PBXResourcesBuildPhase;
			buildActionMask = 2147483647;
			files = (
			);
			runOnlyForDeploymentPostprocessing = 0;
		};
/* End PBXResourcesBuildPhase section */

/* Begin PBXSourcesBuildPhase section */
		B493B16B2294E98D00572963 /* Sources */ = {
			isa = PBXSourcesBuildPhase;
			buildActionMask = 2147483647;
			files = (
				B493B1752294E98D00572963 /* ViewController.swift in Sources */,
				B493B1A32294ED4D00572963 /* ModelImage.swift in Sources */,
				B493B1A92294FA1500572963 /* AddingViewController.swift in Sources */,
				B493B1A72294F49400572963 /* collectionViewCell.swift in Sources */,
				B493B1732294E98D00572963 /* AppDelegate.swift in Sources */,
			);
			runOnlyForDeploymentPostprocessing = 0;
		};
		B493B17F2294E98E00572963 /* Sources */ = {
			isa = PBXSourcesBuildPhase;
			buildActionMask = 2147483647;
			files = (
				B493B1882294E98E00572963 /* UICollectionViewTests.swift in Sources */,
			);
			runOnlyForDeploymentPostprocessing = 0;
		};
		B493B18A2294E98E00572963 /* Sources */ = {
			isa = PBXSourcesBuildPhase;
			buildActionMask = 2147483647;
			files = (
				B493B1932294E98E00572963 /* UICollectionViewUITests.swift in Sources */,
			);
			runOnlyForDeploymentPostprocessing = 0;
		};
/* End PBXSourcesBuildPhase section */

/* Begin PBXTargetDependency section */
		B493B1852294E98E00572963 /* PBXTargetDependency */ = {
			isa = PBXTargetDependency;
			target = B493B16E2294E98D00572963 /* UICollectionView */;
			targetProxy = B493B1842294E98E00572963 /* PBXContainerItemProxy */;
		};
		B493B1902294E98E00572963 /* PBXTargetDependency */ = {
			isa = PBXTargetDependency;
			target = B493B16E2294E98D00572963 /* UICollectionView */;
			targetProxy = B493B18F2294E98E00572963 /* PBXContainerItemProxy */;
		};
/* End PBXTargetDependency section */

/* Begin PBXVariantGroup section */
		B493B1762294E98D00572963 /* Main.storyboard */ = {
			isa = PBXVariantGroup;
			children = (
				B493B1772294E98D00572963 /* Base */,
			);
			name = Main.storyboard;
			sourceTree = "<group>";
		};
		B493B17B2294E98E00572963 /* LaunchScreen.storyboard */ = {
			isa = PBXVariantGroup;
			children = (
				B493B17C2294E98E00572963 /* Base */,
			);
			name = LaunchScreen.storyboard;
			sourceTree = "<group>";
		};
/* End PBXVariantGroup section */

/* Begin XCBuildConfiguration section */
		B493B1952294E98E00572963 /* Debug */ = {
			isa = XCBuildConfiguration;
			buildSettings = {
				ALWAYS_SEARCH_USER_PATHS = NO;
				CLANG_ANALYZER_NONNULL = YES;
				CLANG_ANALYZER_NUMBER_OBJECT_CONVERSION = YES_AGGRESSIVE;
				CLANG_CXX_LANGUAGE_STANDARD = "gnu++14";
				CLANG_CXX_LIBRARY = "libc++";
				CLANG_ENABLE_MODULES = YES;
				CLANG_ENABLE_OBJC_ARC = YES;
				CLANG_ENABLE_OBJC_WEAK = YES;
				CLANG_WARN_BLOCK_CAPTURE_AUTORELEASING = YES;
				CLANG_WARN_BOOL_CONVERSION = YES;
				CLANG_WARN_COMMA = YES;
				CLANG_WARN_CONSTANT_CONVERSION = YES;
				CLANG_WARN_DEPRECATED_OBJC_IMPLEMENTATIONS = YES;
				CLANG_WARN_DIRECT_OBJC_ISA_USAGE = YES_ERROR;
				CLANG_WARN_DOCUMENTATION_COMMENTS = YES;
				CLANG_WARN_EMPTY_BODY = YES;
				CLANG_WARN_ENUM_CONVERSION = YES;
				CLANG_WARN_INFINITE_RECURSION = YES;
				CLANG_WARN_INT_CONVERSION = YES;
				CLANG_WARN_NON_LITERAL_NULL_CONVERSION = YES;
				CLANG_WARN_OBJC_IMPLICIT_RETAIN_SELF = YES;
				CLANG_WARN_OBJC_LITERAL_CONVERSION = YES;
				CLANG_WARN_OBJC_ROOT_CLASS = YES_ERROR;
				CLANG_WARN_RANGE_LOOP_ANALYSIS = YES;
				CLANG_WARN_STRICT_PROTOTYPES = YES;
				CLANG_WARN_SUSPICIOUS_MOVE = YES;
				CLANG_WARN_UNGUARDED_AVAILABILITY = YES_AGGRESSIVE;
				CLANG_WARN_UNREACHABLE_CODE = YES;
				CLANG_WARN__DUPLICATE_METHOD_MATCH = YES;
				CODE_SIGN_IDENTITY = "iPhone Developer";
				COPY_PHASE_STRIP = NO;
				DEBUG_INFORMATION_FORMAT = dwarf;
				ENABLE_STRICT_OBJC_MSGSEND = YES;
				ENABLE_TESTABILITY = YES;
				GCC_C_LANGUAGE_STANDARD = gnu11;
				GCC_DYNAMIC_NO_PIC = NO;
				GCC_NO_COMMON_BLOCKS = YES;
				GCC_OPTIMIZATION_LEVEL = 0;
				GCC_PREPROCESSOR_DEFINITIONS = (
					"DEBUG=1",
					"$(inherited)",
				);
				GCC_WARN_64_TO_32_BIT_CONVERSION = YES;
				GCC_WARN_ABOUT_RETURN_TYPE = YES_ERROR;
				GCC_WARN_UNDECLARED_SELECTOR = YES;
				GCC_WARN_UNINITIALIZED_AUTOS = YES_AGGRESSIVE;
				GCC_WARN_UNUSED_FUNCTION = YES;
				GCC_WARN_UNUSED_VARIABLE = YES;
				IPHONEOS_DEPLOYMENT_TARGET = 12.1;
				MTL_ENABLE_DEBUG_INFO = INCLUDE_SOURCE;
				MTL_FAST_MATH = YES;
				ONLY_ACTIVE_ARCH = YES;
				SDKROOT = iphoneos;
				SWIFT_ACTIVE_COMPILATION_CONDITIONS = DEBUG;
				SWIFT_OPTIMIZATION_LEVEL = "-Onone";
			};
			name = Debug;
		};
		B493B1962294E98E00572963 /* Release */ = {
			isa = XCBuildConfiguration;
			buildSettings = {
				ALWAYS_SEARCH_USER_PATHS = NO;
				CLANG_ANALYZER_NONNULL = YES;
				CLANG_ANALYZER_NUMBER_OBJECT_CONVERSION = YES_AGGRESSIVE;
				CLANG_CXX_LANGUAGE_STANDARD = "gnu++14";
				CLANG_CXX_LIBRARY = "libc++";
				CLANG_ENABLE_MODULES = YES;
				CLANG_ENABLE_OBJC_ARC = YES;
				CLANG_ENABLE_OBJC_WEAK = YES;
				CLANG_WARN_BLOCK_CAPTURE_AUTORELEASING = YES;
				CLANG_WARN_BOOL_CONVERSION = YES;
				CLANG_WARN_COMMA = YES;
				CLANG_WARN_CONSTANT_CONVERSION = YES;
				CLANG_WARN_DEPRECATED_OBJC_IMPLEMENTATIONS = YES;
				CLANG_WARN_DIRECT_OBJC_ISA_USAGE = YES_ERROR;
				CLANG_WARN_DOCUMENTATION_COMMENTS = YES;
				CLANG_WARN_EMPTY_BODY = YES;
				CLANG_WARN_ENUM_CONVERSION = YES;
				CLANG_WARN_INFINITE_RECURSION = YES;
				CLANG_WARN_INT_CONVERSION = YES;
				CLANG_WARN_NON_LITERAL_NULL_CONVERSION = YES;
				CLANG_WARN_OBJC_IMPLICIT_RETAIN_SELF = YES;
				CLANG_WARN_OBJC_LITERAL_CONVERSION = YES;
				CLANG_WARN_OBJC_ROOT_CLASS = YES_ERROR;
				CLANG_WARN_RANGE_LOOP_ANALYSIS = YES;
				CLANG_WARN_STRICT_PROTOTYPES = YES;
				CLANG_WARN_SUSPICIOUS_MOVE = YES;
				CLANG_WARN_UNGUARDED_AVAILABILITY = YES_AGGRESSIVE;
				CLANG_WARN_UNREACHABLE_CODE = YES;
				CLANG_WARN__DUPLICATE_METHOD_MATCH = YES;
				CODE_SIGN_IDENTITY = "iPhone Developer";
				COPY_PHASE_STRIP = NO;
				DEBUG_INFORMATION_FORMAT = "dwarf-with-dsym";
				ENABLE_NS_ASSERTIONS = NO;
				ENABLE_STRICT_OBJC_MSGSEND = YES;
				GCC_C_LANGUAGE_STANDARD = gnu11;
				GCC_NO_COMMON_BLOCKS = YES;
				GCC_WARN_64_TO_32_BIT_CONVERSION = YES;
				GCC_WARN_ABOUT_RETURN_TYPE = YES_ERROR;
				GCC_WARN_UNDECLARED_SELECTOR = YES;
				GCC_WARN_UNINITIALIZED_AUTOS = YES_AGGRESSIVE;
				GCC_WARN_UNUSED_FUNCTION = YES;
				GCC_WARN_UNUSED_VARIABLE = YES;
				IPHONEOS_DEPLOYMENT_TARGET = 12.1;
				MTL_ENABLE_DEBUG_INFO = NO;
				MTL_FAST_MATH = YES;
				SDKROOT = iphoneos;
				SWIFT_COMPILATION_MODE = wholemodule;
				SWIFT_OPTIMIZATION_LEVEL = "-O";
				VALIDATE_PRODUCT = YES;
			};
			name = Release;
		};
		B493B1982294E98E00572963 /* Debug */ = {
			isa = XCBuildConfiguration;
			buildSettings = {
				ASSETCATALOG_COMPILER_APPICON_NAME = AppIcon;
				CODE_SIGN_STYLE = Automatic;
				DEVELOPMENT_TEAM = 6C99TY569A;
				INFOPLIST_FILE = UICollectionView/Info.plist;
				IPHONEOS_DEPLOYMENT_TARGET = 10.0;
				LD_RUNPATH_SEARCH_PATHS = (
					"$(inherited)",
					"@executable_path/Frameworks",
				);
				PRODUCT_BUNDLE_IDENTIFIER = "aris-vn.UICollectionView";
				PRODUCT_NAME = "$(TARGET_NAME)";
				SWIFT_VERSION = 4.2;
				TARGETED_DEVICE_FAMILY = "1,2";
			};
			name = Debug;
		};
		B493B1992294E98E00572963 /* Release */ = {
			isa = XCBuildConfiguration;
			buildSettings = {
				ASSETCATALOG_COMPILER_APPICON_NAME = AppIcon;
				CODE_SIGN_STYLE = Automatic;
				DEVELOPMENT_TEAM = 6C99TY569A;
				INFOPLIST_FILE = UICollectionView/Info.plist;
				IPHONEOS_DEPLOYMENT_TARGET = 10.0;
				LD_RUNPATH_SEARCH_PATHS = (
					"$(inherited)",
					"@executable_path/Frameworks",
				);
				PRODUCT_BUNDLE_IDENTIFIER = "aris-vn.UICollectionView";
				PRODUCT_NAME = "$(TARGET_NAME)";
				SWIFT_VERSION = 4.2;
				TARGETED_DEVICE_FAMILY = "1,2";
			};
			name = Release;
		};
		B493B19B2294E98E00572963 /* Debug */ = {
			isa = XCBuildConfiguration;
			buildSettings = {
				ALWAYS_EMBED_SWIFT_STANDARD_LIBRARIES = YES;
				BUNDLE_LOADER = "$(TEST_HOST)";
				CODE_SIGN_STYLE = Automatic;
				DEVELOPMENT_TEAM = 6C99TY569A;
				INFOPLIST_FILE = UICollectionViewTests/Info.plist;
				LD_RUNPATH_SEARCH_PATHS = (
					"$(inherited)",
					"@executable_path/Frameworks",
					"@loader_path/Frameworks",
				);
				PRODUCT_BUNDLE_IDENTIFIER = "aris-vn.UICollectionViewTests";
				PRODUCT_NAME = "$(TARGET_NAME)";
				SWIFT_VERSION = 4.2;
				TARGETED_DEVICE_FAMILY = "1,2";
				TEST_HOST = "$(BUILT_PRODUCTS_DIR)/UICollectionView.app/UICollectionView";
			};
			name = Debug;
		};
		B493B19C2294E98E00572963 /* Release */ = {
			isa = XCBuildConfiguration;
			buildSettings = {
				ALWAYS_EMBED_SWIFT_STANDARD_LIBRARIES = YES;
				BUNDLE_LOADER = "$(TEST_HOST)";
				CODE_SIGN_STYLE = Automatic;
				DEVELOPMENT_TEAM = 6C99TY569A;
				INFOPLIST_FILE = UICollectionViewTests/Info.plist;
				LD_RUNPATH_SEARCH_PATHS = (
					"$(inherited)",
					"@executable_path/Frameworks",
					"@loader_path/Frameworks",
				);
				PRODUCT_BUNDLE_IDENTIFIER = "aris-vn.UICollectionViewTests";
				PRODUCT_NAME = "$(TARGET_NAME)";
				SWIFT_VERSION = 4.2;
				TARGETED_DEVICE_FAMILY = "1,2";
				TEST_HOST = "$(BUILT_PRODUCTS_DIR)/UICollectionView.app/UICollectionView";
			};
			name = Release;
		};
		B493B19E2294E98E00572963 /* Debug */ = {
			isa = XCBuildConfiguration;
			buildSettings = {
				ALWAYS_EMBED_SWIFT_STANDARD_LIBRARIES = YES;
				CODE_SIGN_STYLE = Automatic;
				DEVELOPMENT_TEAM = 6C99TY569A;
				INFOPLIST_FILE = UICollectionViewUITests/Info.plist;
				LD_RUNPATH_SEARCH_PATHS = (
					"$(inherited)",
					"@executable_path/Frameworks",
					"@loader_path/Frameworks",
				);
				PRODUCT_BUNDLE_IDENTIFIER = "aris-vn.UICollectionViewUITests";
				PRODUCT_NAME = "$(TARGET_NAME)";
				SWIFT_VERSION = 4.2;
				TARGETED_DEVICE_FAMILY = "1,2";
				TEST_TARGET_NAME = UICollectionView;
			};
			name = Debug;
		};
		B493B19F2294E98E00572963 /* Release */ = {
			isa = XCBuildConfiguration;
			buildSettings = {
				ALWAYS_EMBED_SWIFT_STANDARD_LIBRARIES = YES;
				CODE_SIGN_STYLE = Automatic;
				DEVELOPMENT_TEAM = 6C99TY569A;
				INFOPLIST_FILE = UICollectionViewUITests/Info.plist;
				LD_RUNPATH_SEARCH_PATHS = (
					"$(inherited)",
					"@executable_path/Frameworks",
					"@loader_path/Frameworks",
				);
				PRODUCT_BUNDLE_IDENTIFIER = "aris-vn.UICollectionViewUITests";
				PRODUCT_NAME = "$(TARGET_NAME)";
				SWIFT_VERSION = 4.2;
				TARGETED_DEVICE_FAMILY = "1,2";
				TEST_TARGET_NAME = UICollectionView;
			};
			name = Release;
		};
/* End XCBuildConfiguration section */

/* Begin XCConfigurationList section */
		B493B16A2294E98D00572963 /* Build configuration list for PBXProject "UICollectionView" */ = {
			isa = XCConfigurationList;
			buildConfigurations = (
				B493B1952294E98E00572963 /* Debug */,
				B493B1962294E98E00572963 /* Release */,
			);
			defaultConfigurationIsVisible = 0;
			defaultConfigurationName = Release;
		};
		B493B1972294E98E00572963 /* Build configuration list for PBXNativeTarget "UICollectionView" */ = {
			isa = XCConfigurationList;
			buildConfigurations = (
				B493B1982294E98E00572963 /* Debug */,
				B493B1992294E98E00572963 /* Release */,
			);
			defaultConfigurationIsVisible = 0;
			defaultConfigurationName = Release;
		};
		B493B19A2294E98E00572963 /* Build configuration list for PBXNativeTarget "UICollectionViewTests" */ = {
			isa = XCConfigurationList;
			buildConfigurations = (
				B493B19B2294E98E00572963 /* Debug */,
				B493B19C2294E98E00572963 /* Release */,
			);
			defaultConfigurationIsVisible = 0;
			defaultConfigurationName = Release;
		};
		B493B19D2294E98E00572963 /* Build configuration list for PBXNativeTarget "UICollectionViewUITests" */ = {
			isa = XCConfigurationList;
			buildConfigurations = (
				B493B19E2294E98E00572963 /* Debug */,
				B493B19F2294E98E00572963 /* Release */,
			);
			defaultConfigurationIsVisible = 0;
			defaultConfigurationName = Release;
		};
/* End XCConfigurationList section */
	};
	rootObject = B493B1672294E98D00572963 /* Project object */;
}
